
Microsoft Visual Studio Solution File, Format Version 12.00
# Visual Studio Version 16
VisualStudioVersion = 16.0.32106.194
MinimumVisualStudioVersion = 10.0.40219.1
Project("{FAE04EC0-301F-11D3-BF4B-00C04F79EFBC}") = "CovarianceAndContravariance", "CovarianceAndContravariance\CovarianceAndContravariance.csproj", "{9EEE41D8-1DA4-466D-B3EC-0768DB4992DD}"
EndProject
Global
	GlobalSection(SolutionConfigurationPlatforms) = preSolution
		Debug|Any CPU = Debug|Any CPU
		Release|Any CPU = Release|Any CPU
	EndGlobalSection
	GlobalSection(ProjectConfigurationPlatforms) = postSolution
		{9EEE41D8-1DA4-466D-B3EC-0768DB4992DD}.Debug|Any CPU.ActiveCfg = Debug|Any CPU
		{9EEE41D8-1DA4-466D-B3EC-0768DB4992DD}.Debug|Any CPU.Build.0 = Debug|Any CPU
		{9EEE41D8-1DA4-466D-B3EC-0768DB4992DD}.Release|Any CPU.ActiveCfg = Release|Any CPU
		{9EEE41D8-1DA4-466D-B3EC-0768DB4992DD}.Release|Any CPU.Build.0 = Release|Any CPU
	EndGlobalSection
	GlobalSection(SolutionProperties) = preSolution
		HideSolutionNode = FALSE
	EndGlobalSection
	GlobalSection(ExtensibilityGlobals) = postSolution
		SolutionGuid = {F433485C-D0CE-4598-B422-18F41A8020FA}
	EndGlobalSection
EndGlobal
